Microsoft Visual Studio Solution File, Format Version 12.00
# Visual Studio 2012
Project("{FAE04EC0-301F-11D3-BF4B-00C04F79EFBC}") = "V0.2", "V0.2.csproj", "{4A8569F9-2CA1-441B-B760-6E7DEC510729}"
EndProject
Global
	GlobalSection(SolutionConfigurationPlatforms) = preSolution
	Debug|Any CPU = Debug|Any CPU
	ExportDebug|Any CPU = ExportDebug|Any CPU
	ExportRelease|Any CPU = ExportRelease|Any CPU
	EndGlobalSection
	GlobalSection(ProjectConfigurationPlatforms) = postSolution
		{4A8569F9-2CA1-441B-B760-6E7DEC510729}.Debug|Any CPU.ActiveCfg = Debug|Any CPU
		{4A8569F9-2CA1-441B-B760-6E7DEC510729}.Debug|Any CPU.Build.0 = Debug|Any CPU
		{4A8569F9-2CA1-441B-B760-6E7DEC510729}.ExportDebug|Any CPU.ActiveCfg = ExportDebug|Any CPU
		{4A8569F9-2CA1-441B-B760-6E7DEC510729}.ExportDebug|Any CPU.Build.0 = ExportDebug|Any CPU
		{4A8569F9-2CA1-441B-B760-6E7DEC510729}.ExportRelease|Any CPU.ActiveCfg = ExportRelease|Any CPU
		{4A8569F9-2CA1-441B-B760-6E7DEC510729}.ExportRelease|Any CPU.Build.0 = ExportRelease|Any CPU
	EndGlobalSection
EndGlobal
